
Microsoft Visual Studio Solution File, Format Version 12.00
# Visual Studio Version 17
VisualStudioVersion = 17.0.32014.148
MinimumVisualStudioVersion = 10.0.40219.1
Project("{9A19103F-16F7-4668-BE54-9A1E7A4F7556}") = "Net6Server", "Net6Server\Net6Server.csproj", "{7A47B831-BD7B-4DAA-BE88-3FD1295250F8}"
EndProject
Global
	GlobalSection(SolutionConfigurationPlatforms) = preSolution
		Debug|Any CPU = Debug|Any CPU
		Release|Any CPU = Release|Any CPU
	EndGlobalSection
	GlobalSection(ProjectConfigurationPlatforms) = postSolution
		{7A47B831-BD7B-4DAA-BE88-3FD1295250F8}.Debug|Any CPU.ActiveCfg = Debug|Any CPU
		{7A47B831-BD7B-4DAA-BE88-3FD1295250F8}.Debug|Any CPU.Build.0 = Debug|Any CPU
		{7A47B831-BD7B-4DAA-BE88-3FD1295250F8}.Release|Any CPU.ActiveCfg = Release|Any CPU
		{7A47B831-BD7B-4DAA-BE88-3FD1295250F8}.Release|Any CPU.Build.0 = Release|Any CPU
	EndGlobalSection
	GlobalSection(SolutionProperties) = preSolution
		HideSolutionNode = FALSE
	EndGlobalSection
	GlobalSection(ExtensibilityGlobals) = postSolution
		SolutionGuid = {7FAD5BDA-88C1-422B-9130-BDFB87F3EB8E}
	EndGlobalSection
EndGlobal
