
Microsoft Visual Studio Solution File, Format Version 12.00
# Visual Studio Version 18
VisualStudioVersion = 18.6.11709.129 insiders
MinimumVisualStudioVersion = 10.0.40219.1
Project("{FAE04EC0-301F-11D3-BF4B-00C04F79EFBC}") = "ShowOrHideToast", "ShowOrHideToast.csproj", "{CA16806C-B198-45F8-A97B-EC904A6F85FC}"
EndProject
Global
	GlobalSection(SolutionConfigurationPlatforms) = preSolution
		Debug|Any CPU = Debug|Any CPU
		Release|Any CPU = Release|Any CPU
	EndGlobalSection
	GlobalSection(ProjectConfigurationPlatforms) = postSolution
		{CA16806C-B198-45F8-A97B-EC904A6F85FC}.Debug|Any CPU.ActiveCfg = Debug|Any CPU
		{CA16806C-B198-45F8-A97B-EC904A6F85FC}.Debug|Any CPU.Build.0 = Debug|Any CPU
		{CA16806C-B198-45F8-A97B-EC904A6F85FC}.Release|Any CPU.ActiveCfg = Release|Any CPU
		{CA16806C-B198-45F8-A97B-EC904A6F85FC}.Release|Any CPU.Build.0 = Release|Any CPU
	EndGlobalSection
	GlobalSection(SolutionProperties) = preSolution
		HideSolutionNode = FALSE
	EndGlobalSection
	GlobalSection(ExtensibilityGlobals) = postSolution
		SolutionGuid = {ADDAA26C-FB92-4978-892B-C0683CAF6BC8}
	EndGlobalSection
EndGlobal
